
Microsoft Visual Studio Solution File, Format Version 12.00
# Visual Studio 15
VisualStudioVersion = 15.0.28307.1022
MinimumVisualStudioVersion = 10.0.40219.1
Project("{FAE04EC0-301F-11D3-BF4B-00C04F79EFBC}") = "ASPNetRestFul", "ASPNetRestFul\ASPNetRestFul.csproj", "{9E13E1E2-FC07-43E0-BA66-6882035ACE40}"
EndProject
Global
	GlobalSection(SolutionConfigurationPlatforms) = preSolution
		Debug|Any CPU = Debug|Any CPU
		Release|Any CPU = Release|Any CPU
	EndGlobalSection
	GlobalSection(ProjectConfigurationPlatforms) = postSolution
		{9E13E1E2-FC07-43E0-BA66-6882035ACE40}.Debug|Any CPU.ActiveCfg = Debug|Any CPU
		{9E13E1E2-FC07-43E0-BA66-6882035ACE40}.Debug|Any CPU.Build.0 = Debug|Any CPU
		{9E13E1E2-FC07-43E0-BA66-6882035ACE40}.Release|Any CPU.ActiveCfg = Release|Any CPU
		{9E13E1E2-FC07-43E0-BA66-6882035ACE40}.Release|Any CPU.Build.0 = Release|Any CPU
	EndGlobalSection
	GlobalSection(SolutionProperties) = preSolution
		HideSolutionNode = FALSE
	EndGlobalSection
	GlobalSection(ExtensibilityGlobals) = postSolution
		SolutionGuid = {7DCA78B7-A434-43C6-8B52-D3A472D7DFA4}
	EndGlobalSection
EndGlobal
